
Microsoft Visual Studio Solution File, Format Version 12.00
Project("{2150E333-8FDC-42A3-9474-1A3956D46DE8}") = "Common", "Common", "{881589EE-639B-0A35-DBCE-5D94E4FC90C0}"
EndProject
Project("{FAE04EC0-301F-11D3-BF4B-00C04F79EFBC}") = "App.Common", "Common\App.Common\App.Common.csproj", "{DCAA9E92-E6BE-2A6D-A336-8D8971DC79F8}"
EndProject
Project("{2150E333-8FDC-42A3-9474-1A3956D46DE8}") = "Core", "Core", "{FBF56CC3-7AE6-AD2D-3F14-7F97FD322CD6}"
EndProject
Project("{FAE04EC0-301F-11D3-BF4B-00C04F79EFBC}") = "App.Applications", "Core\App.Applications\App.Applications.csproj", "{7BFBF167-B541-F138-6961-81D54E7C8745}"
EndProject
Project("{FAE04EC0-301F-11D3-BF4B-00C04F79EFBC}") = "App.Domain", "Core\App.Domain\App.Domain.csproj", "{DC3BEFF8-EBD3-BC12-FAA2-6D560DFA2C74}"
EndProject
Project("{2150E333-8FDC-42A3-9474-1A3956D46DE8}") = "Infrastructure", "Infrastructure", "{DFEE68D8-A7D0-1A41-506C-9B74AA9A7B7B}"
EndProject
Project("{FAE04EC0-301F-11D3-BF4B-00C04F79EFBC}") = "App.Handlers", "Infrastructure\App.Handlers\App.Handlers.csproj", "{5501AEED-6933-3C35-07FB-FCE97A2ABF50}"
EndProject
Project("{FAE04EC0-301F-11D3-BF4B-00C04F79EFBC}") = "App.Persistence", "Infrastructure\App.Persistence\App.Persistence.csproj", "{4CD1DA7D-9EBE-A1F8-205C-44116E48E99D}"
EndProject
Project("{2150E333-8FDC-42A3-9474-1A3956D46DE8}") = "Ui", "Ui", "{FA674B5A-3394-926C-2B1E-70E5B00E4A5C}"
EndProject
Project("{FAE04EC0-301F-11D3-BF4B-00C04F79EFBC}") = "UI.Components", "Ui\UI.Components\UI.Components.csproj", "{B1C30A1B-8135-489B-65E4-D2AFFDFD7F67}"
EndProject
Project("{FAE04EC0-301F-11D3-BF4B-00C04F79EFBC}") = "UI.Web", "Ui\UI.Web\UI.Web.csproj", "{AA8741E9-8475-8964-558C-6A5F192A1119}"
EndProject
Project("{2150E333-8FDC-42A3-9474-1A3956D46DE8}") = "Client", "Client", "{D4BDA1A0-18C5-4F6D-A3DC-33656D7EFA10}"
EndProject
Project("{2150E333-8FDC-42A3-9474-1A3956D46DE8}") = "Apis", "Apis", "{678D5A97-32F9-4EF3-902D-2A8FBDA17C77}"
EndProject
Project("{FAE04EC0-301F-11D3-BF4B-00C04F79EFBC}") = "Api.Endpoints", "Api.Endpoints\Api.Endpoints.csproj", "{3F001A4A-4C6E-44AD-8216-32CAC0EBC950}"
EndProject
Global
	GlobalSection(SolutionConfigurationPlatforms) = preSolution
		Debug|Any CPU = Debug|Any CPU
		Release|Any CPU = Release|Any CPU
	EndGlobalSection
	GlobalSection(ProjectConfigurationPlatforms) = postSolution
		{DCAA9E92-E6BE-2A6D-A336-8D8971DC79F8}.Debug|Any CPU.ActiveCfg = Debug|Any CPU
		{DCAA9E92-E6BE-2A6D-A336-8D8971DC79F8}.Debug|Any CPU.Build.0 = Debug|Any CPU
		{DCAA9E92-E6BE-2A6D-A336-8D8971DC79F8}.Release|Any CPU.ActiveCfg = Release|Any CPU
		{DCAA9E92-E6BE-2A6D-A336-8D8971DC79F8}.Release|Any CPU.Build.0 = Release|Any CPU
		{7BFBF167-B541-F138-6961-81D54E7C8745}.Debug|Any CPU.ActiveCfg = Debug|Any CPU
		{7BFBF167-B541-F138-6961-81D54E7C8745}.Debug|Any CPU.Build.0 = Debug|Any CPU
		{7BFBF167-B541-F138-6961-81D54E7C8745}.Release|Any CPU.ActiveCfg = Release|Any CPU
		{7BFBF167-B541-F138-6961-81D54E7C8745}.Release|Any CPU.Build.0 = Release|Any CPU
		{DC3BEFF8-EBD3-BC12-FAA2-6D560DFA2C74}.Debug|Any CPU.ActiveCfg = Debug|Any CPU
		{DC3BEFF8-EBD3-BC12-FAA2-6D560DFA2C74}.Debug|Any CPU.Build.0 = Debug|Any CPU
		{DC3BEFF8-EBD3-BC12-FAA2-6D560DFA2C74}.Release|Any CPU.ActiveCfg = Release|Any CPU
		{DC3BEFF8-EBD3-BC12-FAA2-6D560DFA2C74}.Release|Any CPU.Build.0 = Release|Any CPU
		{5501AEED-6933-3C35-07FB-FCE97A2ABF50}.Debug|Any CPU.ActiveCfg = Debug|Any CPU
		{5501AEED-6933-3C35-07FB-FCE97A2ABF50}.Debug|Any CPU.Build.0 = Debug|Any CPU
		{5501AEED-6933-3C35-07FB-FCE97A2ABF50}.Release|Any CPU.ActiveCfg = Release|Any CPU
		{5501AEED-6933-3C35-07FB-FCE97A2ABF50}.Release|Any CPU.Build.0 = Release|Any CPU
		{4CD1DA7D-9EBE-A1F8-205C-44116E48E99D}.Debug|Any CPU.ActiveCfg = Debug|Any CPU
		{4CD1DA7D-9EBE-A1F8-205C-44116E48E99D}.Debug|Any CPU.Build.0 = Debug|Any CPU
		{4CD1DA7D-9EBE-A1F8-205C-44116E48E99D}.Release|Any CPU.ActiveCfg = Release|Any CPU
		{4CD1DA7D-9EBE-A1F8-205C-44116E48E99D}.Release|Any CPU.Build.0 = Release|Any CPU
		{B1C30A1B-8135-489B-65E4-D2AFFDFD7F67}.Debug|Any CPU.ActiveCfg = Debug|Any CPU
		{B1C30A1B-8135-489B-65E4-D2AFFDFD7F67}.Debug|Any CPU.Build.0 = Debug|Any CPU
		{B1C30A1B-8135-489B-65E4-D2AFFDFD7F67}.Release|Any CPU.ActiveCfg = Release|Any CPU
		{B1C30A1B-8135-489B-65E4-D2AFFDFD7F67}.Release|Any CPU.Build.0 = Release|Any CPU
		{AA8741E9-8475-8964-558C-6A5F192A1119}.Debug|Any CPU.ActiveCfg = Debug|Any CPU
		{AA8741E9-8475-8964-558C-6A5F192A1119}.Debug|Any CPU.Build.0 = Debug|Any CPU
		{AA8741E9-8475-8964-558C-6A5F192A1119}.Release|Any CPU.ActiveCfg = Release|Any CPU
		{AA8741E9-8475-8964-558C-6A5F192A1119}.Release|Any CPU.Build.0 = Release|Any CPU
		{3F001A4A-4C6E-44AD-8216-32CAC0EBC950}.Debug|Any CPU.ActiveCfg = Debug|Any CPU
		{3F001A4A-4C6E-44AD-8216-32CAC0EBC950}.Debug|Any CPU.Build.0 = Debug|Any CPU
		{3F001A4A-4C6E-44AD-8216-32CAC0EBC950}.Release|Any CPU.ActiveCfg = Release|Any CPU
		{3F001A4A-4C6E-44AD-8216-32CAC0EBC950}.Release|Any CPU.Build.0 = Release|Any CPU
	EndGlobalSection
	GlobalSection(NestedProjects) = preSolution
		{DCAA9E92-E6BE-2A6D-A336-8D8971DC79F8} = {881589EE-639B-0A35-DBCE-5D94E4FC90C0}
		{7BFBF167-B541-F138-6961-81D54E7C8745} = {FBF56CC3-7AE6-AD2D-3F14-7F97FD322CD6}
		{DC3BEFF8-EBD3-BC12-FAA2-6D560DFA2C74} = {FBF56CC3-7AE6-AD2D-3F14-7F97FD322CD6}
		{5501AEED-6933-3C35-07FB-FCE97A2ABF50} = {DFEE68D8-A7D0-1A41-506C-9B74AA9A7B7B}
		{4CD1DA7D-9EBE-A1F8-205C-44116E48E99D} = {DFEE68D8-A7D0-1A41-506C-9B74AA9A7B7B}
		{B1C30A1B-8135-489B-65E4-D2AFFDFD7F67} = {FA674B5A-3394-926C-2B1E-70E5B00E4A5C}
		{AA8741E9-8475-8964-558C-6A5F192A1119} = {FA674B5A-3394-926C-2B1E-70E5B00E4A5C}
		{881589EE-639B-0A35-DBCE-5D94E4FC90C0} = {D4BDA1A0-18C5-4F6D-A3DC-33656D7EFA10}
		{FBF56CC3-7AE6-AD2D-3F14-7F97FD322CD6} = {D4BDA1A0-18C5-4F6D-A3DC-33656D7EFA10}
		{DFEE68D8-A7D0-1A41-506C-9B74AA9A7B7B} = {D4BDA1A0-18C5-4F6D-A3DC-33656D7EFA10}
		{FA674B5A-3394-926C-2B1E-70E5B00E4A5C} = {D4BDA1A0-18C5-4F6D-A3DC-33656D7EFA10}
		{3F001A4A-4C6E-44AD-8216-32CAC0EBC950} = {678D5A97-32F9-4EF3-902D-2A8FBDA17C77}
	EndGlobalSection
EndGlobal
