
Microsoft Visual Studio Solution File, Format Version 12.00
Project("{FAE04EC0-301F-11D3-BF4B-00C04F79EFBC}") = "AppointmentPlanner.Client", "AppointmentPlanner.Client\AppointmentPlanner.Client.csproj", "{F4C7B0E9-20D5-BED6-BF7F-2141822CAB9C}"
EndProject
Project("{FAE04EC0-301F-11D3-BF4B-00C04F79EFBC}") = "AppointmentPlanner", "AppointmentPlanner\AppointmentPlanner.csproj", "{7111770E-5928-4FAB-16DB-502320C9066A}"
EndProject
Project("{FAE04EC0-301F-11D3-BF4B-00C04F79EFBC}") = "AppointmentPlanner.Shared", "AppointmentPlanner.Shared\AppointmentPlanner.Shared.csproj", "{6D779F17-30A4-4DE8-8560-574AFA5BF2A0}"
EndProject
Global
	GlobalSection(SolutionConfigurationPlatforms) = preSolution
		Debug|Any CPU = Debug|Any CPU
		Release|Any CPU = Release|Any CPU
	EndGlobalSection
	GlobalSection(ProjectConfigurationPlatforms) = postSolution
		{F4C7B0E9-20D5-BED6-BF7F-2141822CAB9C}.Debug|Any CPU.ActiveCfg = Debug|Any CPU
		{F4C7B0E9-20D5-BED6-BF7F-2141822CAB9C}.Debug|Any CPU.Build.0 = Debug|Any CPU
		{F4C7B0E9-20D5-BED6-BF7F-2141822CAB9C}.Release|Any CPU.ActiveCfg = Release|Any CPU
		{F4C7B0E9-20D5-BED6-BF7F-2141822CAB9C}.Release|Any CPU.Build.0 = Release|Any CPU
		{7111770E-5928-4FAB-16DB-502320C9066A}.Debug|Any CPU.ActiveCfg = Debug|Any CPU
		{7111770E-5928-4FAB-16DB-502320C9066A}.Debug|Any CPU.Build.0 = Debug|Any CPU
		{7111770E-5928-4FAB-16DB-502320C9066A}.Release|Any CPU.ActiveCfg = Release|Any CPU
		{7111770E-5928-4FAB-16DB-502320C9066A}.Release|Any CPU.Build.0 = Release|Any CPU
		{6D779F17-30A4-4DE8-8560-574AFA5BF2A0}.Debug|Any CPU.ActiveCfg = Debug|Any CPU
		{6D779F17-30A4-4DE8-8560-574AFA5BF2A0}.Debug|Any CPU.Build.0 = Debug|Any CPU
		{6D779F17-30A4-4DE8-8560-574AFA5BF2A0}.Release|Any CPU.ActiveCfg = Release|Any CPU
		{6D779F17-30A4-4DE8-8560-574AFA5BF2A0}.Release|Any CPU.Build.0 = Release|Any CPU
	EndGlobalSection
EndGlobal
