
Microsoft Visual Studio Solution File, Format Version 12.00
# Visual Studio Version 17
VisualStudioVersion = 17.9.34310.174
MinimumVisualStudioVersion = 10.0.40219.1
Project("{FAE04EC0-301F-11D3-BF4B-00C04F79EFBC}") = "AppointmentPlanner", "AppointmentPlanner\AppointmentPlanner.csproj", "{B581996D-2ACA-4DE3-A4F9-7719FF9B042B}"
EndProject
Project("{FAE04EC0-301F-11D3-BF4B-00C04F79EFBC}") = "AppointmentPlanner.Client", "AppointmentPlanner.Client\AppointmentPlanner.Client.csproj", "{63DB5F76-8D57-4856-B6AB-852A330D4291}"
EndProject
Global
	GlobalSection(SolutionConfigurationPlatforms) = preSolution
		Debug|Any CPU = Debug|Any CPU
		Release|Any CPU = Release|Any CPU
	EndGlobalSection
	GlobalSection(ProjectConfigurationPlatforms) = postSolution
		{B581996D-2ACA-4DE3-A4F9-7719FF9B042B}.Debug|Any CPU.ActiveCfg = Debug|Any CPU
		{B581996D-2ACA-4DE3-A4F9-7719FF9B042B}.Debug|Any CPU.Build.0 = Debug|Any CPU
		{B581996D-2ACA-4DE3-A4F9-7719FF9B042B}.Release|Any CPU.ActiveCfg = Release|Any CPU
		{B581996D-2ACA-4DE3-A4F9-7719FF9B042B}.Release|Any CPU.Build.0 = Release|Any CPU
		{63DB5F76-8D57-4856-B6AB-852A330D4291}.Debug|Any CPU.ActiveCfg = Debug|Any CPU
		{63DB5F76-8D57-4856-B6AB-852A330D4291}.Debug|Any CPU.Build.0 = Debug|Any CPU
		{63DB5F76-8D57-4856-B6AB-852A330D4291}.Release|Any CPU.ActiveCfg = Release|Any CPU
		{63DB5F76-8D57-4856-B6AB-852A330D4291}.Release|Any CPU.Build.0 = Release|Any CPU
	EndGlobalSection
	GlobalSection(SolutionProperties) = preSolution
		HideSolutionNode = FALSE
	EndGlobalSection
	GlobalSection(ExtensibilityGlobals) = postSolution
		SolutionGuid = {3D59932B-6E22-480D-A17E-49EEBA5E8BED}
	EndGlobalSection
EndGlobal
