
Microsoft Visual Studio Solution File, Format Version 12.00
Project("{FAE04EC0-301F-11D3-BF4B-00C04F79EFBC}") = "Api.Endpoints", "Apis\Api.Endpoints.csproj", "{3C1A6BD2-E60B-4F93-AC88-B30838B345DC}"
EndProject
Global
	GlobalSection(SolutionConfigurationPlatforms) = preSolution
		Debug|Any CPU = Debug|Any CPU
		Release|Any CPU = Release|Any CPU
	EndGlobalSection
	GlobalSection(ProjectConfigurationPlatforms) = postSolution
		{3C1A6BD2-E60B-4F93-AC88-B30838B345DC}.Debug|Any CPU.ActiveCfg = Debug|Any CPU
		{3C1A6BD2-E60B-4F93-AC88-B30838B345DC}.Debug|Any CPU.Build.0 = Debug|Any CPU
		{3C1A6BD2-E60B-4F93-AC88-B30838B345DC}.Release|Any CPU.ActiveCfg = Release|Any CPU
		{3C1A6BD2-E60B-4F93-AC88-B30838B345DC}.Release|Any CPU.Build.0 = Release|Any CPU
	EndGlobalSection
EndGlobal
